
Microsoft Visual Studio Solution File, Format Version 12.00
# Visual Studio 2017
Project("{FAE04EC0-301F-11D3-BF4B-00C04F79EFBC}") = "FireArc", "FireArc.csproj", "{78093790-8381-CCF6-DB9B-16ACA4FCFB18}"
EndProject
Project("{FAE04EC0-301F-11D3-BF4B-00C04F79EFBC}") = "FireArc.Plugins", "FireArc.Plugins.csproj", "{A2750154-841B-7C29-5F2A-5A4FA7453674}"
EndProject
Project("{FAE04EC0-301F-11D3-BF4B-00C04F79EFBC}") = "FireArc.Editor.Plugins", "FireArc.Editor.Plugins.csproj", "{5D58AB1A-F23D-1496-B2A2-E38D4E35C1B7}"
EndProject
Project("{FAE04EC0-301F-11D3-BF4B-00C04F79EFBC}") = "FireArc.Editor", "FireArc.Editor.csproj", "{7980E828-D97B-9FDF-C00D-E97D7EAABBE7}"
EndProject
Global
	GlobalSection(SolutionConfigurationPlatforms) = preSolution
		Debug|Any CPU = Debug|Any CPU
		Release|Any CPU = Release|Any CPU
	EndGlobalSection
	GlobalSection(ProjectConfigurationPlatforms) = postSolution
		{78093790-8381-CCF6-DB9B-16ACA4FCFB18}.Debug|Any CPU.ActiveCfg = Debug|Any CPU
		{78093790-8381-CCF6-DB9B-16ACA4FCFB18}.Debug|Any CPU.Build.0 = Debug|Any CPU
		{78093790-8381-CCF6-DB9B-16ACA4FCFB18}.Release|Any CPU.ActiveCfg = Release|Any CPU
		{78093790-8381-CCF6-DB9B-16ACA4FCFB18}.Release|Any CPU.Build.0 = Release|Any CPU
		{A2750154-841B-7C29-5F2A-5A4FA7453674}.Debug|Any CPU.ActiveCfg = Debug|Any CPU
		{A2750154-841B-7C29-5F2A-5A4FA7453674}.Debug|Any CPU.Build.0 = Debug|Any CPU
		{A2750154-841B-7C29-5F2A-5A4FA7453674}.Release|Any CPU.ActiveCfg = Release|Any CPU
		{A2750154-841B-7C29-5F2A-5A4FA7453674}.Release|Any CPU.Build.0 = Release|Any CPU
		{5D58AB1A-F23D-1496-B2A2-E38D4E35C1B7}.Debug|Any CPU.ActiveCfg = Debug|Any CPU
		{5D58AB1A-F23D-1496-B2A2-E38D4E35C1B7}.Debug|Any CPU.Build.0 = Debug|Any CPU
		{5D58AB1A-F23D-1496-B2A2-E38D4E35C1B7}.Release|Any CPU.ActiveCfg = Release|Any CPU
		{5D58AB1A-F23D-1496-B2A2-E38D4E35C1B7}.Release|Any CPU.Build.0 = Release|Any CPU
		{7980E828-D97B-9FDF-C00D-E97D7EAABBE7}.Debug|Any CPU.ActiveCfg = Debug|Any CPU
		{7980E828-D97B-9FDF-C00D-E97D7EAABBE7}.Debug|Any CPU.Build.0 = Debug|Any CPU
		{7980E828-D97B-9FDF-C00D-E97D7EAABBE7}.Release|Any CPU.ActiveCfg = Release|Any CPU
		{7980E828-D97B-9FDF-C00D-E97D7EAABBE7}.Release|Any CPU.Build.0 = Release|Any CPU
	EndGlobalSection
	GlobalSection(SolutionProperties) = preSolution
		HideSolutionNode = FALSE
	EndGlobalSection
EndGlobal
