
Microsoft Visual Studio Solution File, Format Version 11.00
# Visual Studio 2010
Project("{FAE04EC0-301F-11D3-BF4B-00C04F79EFBC}") = "FireArc", "Assembly-CSharp.csproj", "{003EA000-BCD8-225E-4326-5DD97844062E}"
EndProject
Project("{FAE04EC0-301F-11D3-BF4B-00C04F79EFBC}") = "FireArc", "Assembly-CSharp-firstpass.csproj", "{831DBD77-936C-2029-C427-96D73F178F8E}"
EndProject
Project("{FAE04EC0-301F-11D3-BF4B-00C04F79EFBC}") = "FireArc", "Assembly-CSharp-Editor-firstpass.csproj", "{8238EAF8-5934-8735-E5CF-593E04919DB8}"
EndProject
Project("{FAE04EC0-301F-11D3-BF4B-00C04F79EFBC}") = "FireArc", "Assembly-CSharp-Editor.csproj", "{8EE915A8-FCFE-6C04-D573-502140B99011}"
EndProject
Global
	GlobalSection(SolutionConfigurationPlatforms) = preSolution
		Debug|Any CPU = Debug|Any CPU
		Release|Any CPU = Release|Any CPU
	EndGlobalSection
	GlobalSection(ProjectConfigurationPlatforms) = postSolution
		{003EA000-BCD8-225E-4326-5DD97844062E}.Debug|Any CPU.ActiveCfg = Debug|Any CPU
		{003EA000-BCD8-225E-4326-5DD97844062E}.Debug|Any CPU.Build.0 = Debug|Any CPU
		{003EA000-BCD8-225E-4326-5DD97844062E}.Release|Any CPU.ActiveCfg = Release|Any CPU
		{003EA000-BCD8-225E-4326-5DD97844062E}.Release|Any CPU.Build.0 = Release|Any CPU
		{831DBD77-936C-2029-C427-96D73F178F8E}.Debug|Any CPU.ActiveCfg = Debug|Any CPU
		{831DBD77-936C-2029-C427-96D73F178F8E}.Debug|Any CPU.Build.0 = Debug|Any CPU
		{831DBD77-936C-2029-C427-96D73F178F8E}.Release|Any CPU.ActiveCfg = Release|Any CPU
		{831DBD77-936C-2029-C427-96D73F178F8E}.Release|Any CPU.Build.0 = Release|Any CPU
		{8238EAF8-5934-8735-E5CF-593E04919DB8}.Debug|Any CPU.ActiveCfg = Debug|Any CPU
		{8238EAF8-5934-8735-E5CF-593E04919DB8}.Debug|Any CPU.Build.0 = Debug|Any CPU
		{8238EAF8-5934-8735-E5CF-593E04919DB8}.Release|Any CPU.ActiveCfg = Release|Any CPU
		{8238EAF8-5934-8735-E5CF-593E04919DB8}.Release|Any CPU.Build.0 = Release|Any CPU
		{8EE915A8-FCFE-6C04-D573-502140B99011}.Debug|Any CPU.ActiveCfg = Debug|Any CPU
		{8EE915A8-FCFE-6C04-D573-502140B99011}.Debug|Any CPU.Build.0 = Debug|Any CPU
		{8EE915A8-FCFE-6C04-D573-502140B99011}.Release|Any CPU.ActiveCfg = Release|Any CPU
		{8EE915A8-FCFE-6C04-D573-502140B99011}.Release|Any CPU.Build.0 = Release|Any CPU
	EndGlobalSection
	GlobalSection(SolutionProperties) = preSolution
		HideSolutionNode = FALSE
	EndGlobalSection
	GlobalSection(MonoDevelopProperties) = preSolution
		StartupItem = Assembly-CSharp.csproj
	EndGlobalSection
EndGlobal
